
Microsoft Visual Studio Solution File, Format Version 12.00
# Visual Studio Version 16
VisualStudioVersion = 16.0.30608.117
MinimumVisualStudioVersion = 15.0.26124.0
Project("{2150E333-8FDC-42A3-9474-1A3956D46DE8}") = "src", "src", "{F4160582-F6A2-48E4-8155-4ACA1F3D0EAE}"
EndProject
Project("{9A19103F-16F7-4668-BE54-9A1E7A4F7556}") = "IdentityServer", "src\IdentityServer\IdentityServer.csproj", "{CDB4D2E0-827B-4904-9B65-F748EB1DCCFA}"
EndProject
Project("{9A19103F-16F7-4668-BE54-9A1E7A4F7556}") = "Api", "src\Api\Api.csproj", "{3C494253-FB5E-4E47-942D-92B6E52CD3DA}"
EndProject
Project("{9A19103F-16F7-4668-BE54-9A1E7A4F7556}") = "Client", "src\Client\Client.csproj", "{8F3ABC62-B05B-4EE8-A5AD-8BEE985BF4D2}"
EndProject
Project("{9A19103F-16F7-4668-BE54-9A1E7A4F7556}") = "MvcClient", "src\MvcClient\MvcClient.csproj", "{71208BA2-584B-4BBD-A1F2-4A88186B06E9}"
EndProject
Project("{9A19103F-16F7-4668-BE54-9A1E7A4F7556}") = "JavaScriptClient", "src\JavaScriptClient\JavaScriptClient.csproj", "{58F0454E-09C0-4C10-9823-DE959961BB65}"
EndProject
Project("{9A19103F-16F7-4668-BE54-9A1E7A4F7556}") = "IdentityServerAspNetIdentity", "src\IdentityServerAspNetIdentity\IdentityServerAspNetIdentity.csproj", "{C384DD93-E6CC-4CE9-A6CD-09A8C9CEC367}"
EndProject
Project("{2150E333-8FDC-42A3-9474-1A3956D46DE8}") = "b_src", "b_src", "{0F97FD0E-471B-4F67-84BB-9620CE8BFA60}"
EndProject
Project("{FAE04EC0-301F-11D3-BF4B-00C04F79EFBC}") = "blog.IdentityServer", "b_src\blog.IdentityServer\blog.IdentityServer.csproj", "{5A8EC20D-B572-4CE7-A5BF-93C9AE9227F3}"
EndProject
Global
	GlobalSection(SolutionConfigurationPlatforms) = preSolution
		Debug|Any CPU = Debug|Any CPU
		Debug|x64 = Debug|x64
		Debug|x86 = Debug|x86
		Release|Any CPU = Release|Any CPU
		Release|x64 = Release|x64
		Release|x86 = Release|x86
	EndGlobalSection
	GlobalSection(ProjectConfigurationPlatforms) = postSolution
		{CDB4D2E0-827B-4904-9B65-F748EB1DCCFA}.Debug|Any CPU.ActiveCfg = Debug|Any CPU
		{CDB4D2E0-827B-4904-9B65-F748EB1DCCFA}.Debug|Any CPU.Build.0 = Debug|Any CPU
		{CDB4D2E0-827B-4904-9B65-F748EB1DCCFA}.Debug|x64.ActiveCfg = Debug|Any CPU
		{CDB4D2E0-827B-4904-9B65-F748EB1DCCFA}.Debug|x64.Build.0 = Debug|Any CPU
		{CDB4D2E0-827B-4904-9B65-F748EB1DCCFA}.Debug|x86.ActiveCfg = Debug|Any CPU
		{CDB4D2E0-827B-4904-9B65-F748EB1DCCFA}.Debug|x86.Build.0 = Debug|Any CPU
		{CDB4D2E0-827B-4904-9B65-F748EB1DCCFA}.Release|Any CPU.ActiveCfg = Release|Any CPU
		{CDB4D2E0-827B-4904-9B65-F748EB1DCCFA}.Release|Any CPU.Build.0 = Release|Any CPU
		{CDB4D2E0-827B-4904-9B65-F748EB1DCCFA}.Release|x64.ActiveCfg = Release|Any CPU
		{CDB4D2E0-827B-4904-9B65-F748EB1DCCFA}.Release|x64.Build.0 = Release|Any CPU
		{CDB4D2E0-827B-4904-9B65-F748EB1DCCFA}.Release|x86.ActiveCfg = Release|Any CPU
		{CDB4D2E0-827B-4904-9B65-F748EB1DCCFA}.Release|x86.Build.0 = Release|Any CPU
		{3C494253-FB5E-4E47-942D-92B6E52CD3DA}.Debug|Any CPU.ActiveCfg = Debug|Any CPU
		{3C494253-FB5E-4E47-942D-92B6E52CD3DA}.Debug|Any CPU.Build.0 = Debug|Any CPU
		{3C494253-FB5E-4E47-942D-92B6E52CD3DA}.Debug|x64.ActiveCfg = Debug|Any CPU
		{3C494253-FB5E-4E47-942D-92B6E52CD3DA}.Debug|x64.Build.0 = Debug|Any CPU
		{3C494253-FB5E-4E47-942D-92B6E52CD3DA}.Debug|x86.ActiveCfg = Debug|Any CPU
		{3C494253-FB5E-4E47-942D-92B6E52CD3DA}.Debug|x86.Build.0 = Debug|Any CPU
		{3C494253-FB5E-4E47-942D-92B6E52CD3DA}.Release|Any CPU.ActiveCfg = Release|Any CPU
		{3C494253-FB5E-4E47-942D-92B6E52CD3DA}.Release|Any CPU.Build.0 = Release|Any CPU
		{3C494253-FB5E-4E47-942D-92B6E52CD3DA}.Release|x64.ActiveCfg = Release|Any CPU
		{3C494253-FB5E-4E47-942D-92B6E52CD3DA}.Release|x64.Build.0 = Release|Any CPU
		{3C494253-FB5E-4E47-942D-92B6E52CD3DA}.Release|x86.ActiveCfg = Release|Any CPU
		{3C494253-FB5E-4E47-942D-92B6E52CD3DA}.Release|x86.Build.0 = Release|Any CPU
		{8F3ABC62-B05B-4EE8-A5AD-8BEE985BF4D2}.Debug|Any CPU.ActiveCfg = Debug|Any CPU
		{8F3ABC62-B05B-4EE8-A5AD-8BEE985BF4D2}.Debug|Any CPU.Build.0 = Debug|Any CPU
		{8F3ABC62-B05B-4EE8-A5AD-8BEE985BF4D2}.Debug|x64.ActiveCfg = Debug|Any CPU
		{8F3ABC62-B05B-4EE8-A5AD-8BEE985BF4D2}.Debug|x64.Build.0 = Debug|Any CPU
		{8F3ABC62-B05B-4EE8-A5AD-8BEE985BF4D2}.Debug|x86.ActiveCfg = Debug|Any CPU
		{8F3ABC62-B05B-4EE8-A5AD-8BEE985BF4D2}.Debug|x86.Build.0 = Debug|Any CPU
		{8F3ABC62-B05B-4EE8-A5AD-8BEE985BF4D2}.Release|Any CPU.ActiveCfg = Release|Any CPU
		{8F3ABC62-B05B-4EE8-A5AD-8BEE985BF4D2}.Release|Any CPU.Build.0 = Release|Any CPU
		{8F3ABC62-B05B-4EE8-A5AD-8BEE985BF4D2}.Release|x64.ActiveCfg = Release|Any CPU
		{8F3ABC62-B05B-4EE8-A5AD-8BEE985BF4D2}.Release|x64.Build.0 = Release|Any CPU
		{8F3ABC62-B05B-4EE8-A5AD-8BEE985BF4D2}.Release|x86.ActiveCfg = Release|Any CPU
		{8F3ABC62-B05B-4EE8-A5AD-8BEE985BF4D2}.Release|x86.Build.0 = Release|Any CPU
		{71208BA2-584B-4BBD-A1F2-4A88186B06E9}.Debug|Any CPU.ActiveCfg = Debug|Any CPU
		{71208BA2-584B-4BBD-A1F2-4A88186B06E9}.Debug|Any CPU.Build.0 = Debug|Any CPU
		{71208BA2-584B-4BBD-A1F2-4A88186B06E9}.Debug|x64.ActiveCfg = Debug|Any CPU
		{71208BA2-584B-4BBD-A1F2-4A88186B06E9}.Debug|x64.Build.0 = Debug|Any CPU
		{71208BA2-584B-4BBD-A1F2-4A88186B06E9}.Debug|x86.ActiveCfg = Debug|Any CPU
		{71208BA2-584B-4BBD-A1F2-4A88186B06E9}.Debug|x86.Build.0 = Debug|Any CPU
		{71208BA2-584B-4BBD-A1F2-4A88186B06E9}.Release|Any CPU.ActiveCfg = Release|Any CPU
		{71208BA2-584B-4BBD-A1F2-4A88186B06E9}.Release|Any CPU.Build.0 = Release|Any CPU
		{71208BA2-584B-4BBD-A1F2-4A88186B06E9}.Release|x64.ActiveCfg = Release|Any CPU
		{71208BA2-584B-4BBD-A1F2-4A88186B06E9}.Release|x64.Build.0 = Release|Any CPU
		{71208BA2-584B-4BBD-A1F2-4A88186B06E9}.Release|x86.ActiveCfg = Release|Any CPU
		{71208BA2-584B-4BBD-A1F2-4A88186B06E9}.Release|x86.Build.0 = Release|Any CPU
		{58F0454E-09C0-4C10-9823-DE959961BB65}.Debug|Any CPU.ActiveCfg = Debug|Any CPU
		{58F0454E-09C0-4C10-9823-DE959961BB65}.Debug|Any CPU.Build.0 = Debug|Any CPU
		{58F0454E-09C0-4C10-9823-DE959961BB65}.Debug|x64.ActiveCfg = Debug|Any CPU
		{58F0454E-09C0-4C10-9823-DE959961BB65}.Debug|x64.Build.0 = Debug|Any CPU
		{58F0454E-09C0-4C10-9823-DE959961BB65}.Debug|x86.ActiveCfg = Debug|Any CPU
		{58F0454E-09C0-4C10-9823-DE959961BB65}.Debug|x86.Build.0 = Debug|Any CPU
		{58F0454E-09C0-4C10-9823-DE959961BB65}.Release|Any CPU.ActiveCfg = Release|Any CPU
		{58F0454E-09C0-4C10-9823-DE959961BB65}.Release|Any CPU.Build.0 = Release|Any CPU
		{58F0454E-09C0-4C10-9823-DE959961BB65}.Release|x64.ActiveCfg = Release|Any CPU
		{58F0454E-09C0-4C10-9823-DE959961BB65}.Release|x64.Build.0 = Release|Any CPU
		{58F0454E-09C0-4C10-9823-DE959961BB65}.Release|x86.ActiveCfg = Release|Any CPU
		{58F0454E-09C0-4C10-9823-DE959961BB65}.Release|x86.Build.0 = Release|Any CPU
		{C384DD93-E6CC-4CE9-A6CD-09A8C9CEC367}.Debug|Any CPU.ActiveCfg = Debug|Any CPU
		{C384DD93-E6CC-4CE9-A6CD-09A8C9CEC367}.Debug|Any CPU.Build.0 = Debug|Any CPU
		{C384DD93-E6CC-4CE9-A6CD-09A8C9CEC367}.Debug|x64.ActiveCfg = Debug|Any CPU
		{C384DD93-E6CC-4CE9-A6CD-09A8C9CEC367}.Debug|x64.Build.0 = Debug|Any CPU
		{C384DD93-E6CC-4CE9-A6CD-09A8C9CEC367}.Debug|x86.ActiveCfg = Debug|Any CPU
		{C384DD93-E6CC-4CE9-A6CD-09A8C9CEC367}.Debug|x86.Build.0 = Debug|Any CPU
		{C384DD93-E6CC-4CE9-A6CD-09A8C9CEC367}.Release|Any CPU.ActiveCfg = Release|Any CPU
		{C384DD93-E6CC-4CE9-A6CD-09A8C9CEC367}.Release|Any CPU.Build.0 = Release|Any CPU
		{C384DD93-E6CC-4CE9-A6CD-09A8C9CEC367}.Release|x64.ActiveCfg = Release|Any CPU
		{C384DD93-E6CC-4CE9-A6CD-09A8C9CEC367}.Release|x64.Build.0 = Release|Any CPU
		{C384DD93-E6CC-4CE9-A6CD-09A8C9CEC367}.Release|x86.ActiveCfg = Release|Any CPU
		{C384DD93-E6CC-4CE9-A6CD-09A8C9CEC367}.Release|x86.Build.0 = Release|Any CPU
		{5A8EC20D-B572-4CE7-A5BF-93C9AE9227F3}.Debug|Any CPU.ActiveCfg = Debug|Any CPU
		{5A8EC20D-B572-4CE7-A5BF-93C9AE9227F3}.Debug|Any CPU.Build.0 = Debug|Any CPU
		{5A8EC20D-B572-4CE7-A5BF-93C9AE9227F3}.Debug|x64.ActiveCfg = Debug|Any CPU
		{5A8EC20D-B572-4CE7-A5BF-93C9AE9227F3}.Debug|x64.Build.0 = Debug|Any CPU
		{5A8EC20D-B572-4CE7-A5BF-93C9AE9227F3}.Debug|x86.ActiveCfg = Debug|Any CPU
		{5A8EC20D-B572-4CE7-A5BF-93C9AE9227F3}.Debug|x86.Build.0 = Debug|Any CPU
		{5A8EC20D-B572-4CE7-A5BF-93C9AE9227F3}.Release|Any CPU.ActiveCfg = Release|Any CPU
		{5A8EC20D-B572-4CE7-A5BF-93C9AE9227F3}.Release|Any CPU.Build.0 = Release|Any CPU
		{5A8EC20D-B572-4CE7-A5BF-93C9AE9227F3}.Release|x64.ActiveCfg = Release|Any CPU
		{5A8EC20D-B572-4CE7-A5BF-93C9AE9227F3}.Release|x64.Build.0 = Release|Any CPU
		{5A8EC20D-B572-4CE7-A5BF-93C9AE9227F3}.Release|x86.ActiveCfg = Release|Any CPU
		{5A8EC20D-B572-4CE7-A5BF-93C9AE9227F3}.Release|x86.Build.0 = Release|Any CPU
	EndGlobalSection
	GlobalSection(SolutionProperties) = preSolution
		HideSolutionNode = FALSE
	EndGlobalSection
	GlobalSection(NestedProjects) = preSolution
		{CDB4D2E0-827B-4904-9B65-F748EB1DCCFA} = {F4160582-F6A2-48E4-8155-4ACA1F3D0EAE}
		{3C494253-FB5E-4E47-942D-92B6E52CD3DA} = {F4160582-F6A2-48E4-8155-4ACA1F3D0EAE}
		{8F3ABC62-B05B-4EE8-A5AD-8BEE985BF4D2} = {F4160582-F6A2-48E4-8155-4ACA1F3D0EAE}
		{71208BA2-584B-4BBD-A1F2-4A88186B06E9} = {F4160582-F6A2-48E4-8155-4ACA1F3D0EAE}
		{58F0454E-09C0-4C10-9823-DE959961BB65} = {F4160582-F6A2-48E4-8155-4ACA1F3D0EAE}
		{C384DD93-E6CC-4CE9-A6CD-09A8C9CEC367} = {F4160582-F6A2-48E4-8155-4ACA1F3D0EAE}
		{5A8EC20D-B572-4CE7-A5BF-93C9AE9227F3} = {0F97FD0E-471B-4F67-84BB-9620CE8BFA60}
	EndGlobalSection
	GlobalSection(ExtensibilityGlobals) = postSolution
		SolutionGuid = {A121DDE0-A212-40C9-B0BD-00AE64683984}
	EndGlobalSection
EndGlobal
